
Microsoft Visual Studio Solution File, Format Version 12.00
# Visual Studio 15
VisualStudioVersion = 15.0.28010.2046
MinimumVisualStudioVersion = 10.0.40219.1
Project("{2150E333-8FDC-42A3-9474-1A3956D46DE8}") = "Repostitory", "Repostitory", "{6B7C79CA-BD7A-4E1E-8A34-9BF6E01B5ACE}"
EndProject
Project("{2150E333-8FDC-42A3-9474-1A3956D46DE8}") = "Service", "Service", "{24CA17F4-7345-4707-82F8-9F6EFA031983}"
EndProject
Project("{9A19103F-16F7-4668-BE54-9A1E7A4F7556}") = "DB.IRepository", "DB.IRepostitory\DB.IRepository.csproj", "{34BA328E-02AD-4F7C-BBC8-B7C88F53B07C}"
EndProject
Project("{9A19103F-16F7-4668-BE54-9A1E7A4F7556}") = "DB.Repostitory", "DB.Repostitory\DB.Repostitory.csproj", "{CE2E9689-10BE-4AAD-A169-E70B72270110}"
EndProject
Project("{9A19103F-16F7-4668-BE54-9A1E7A4F7556}") = "DB.IService", "DB.IService\DB.IService.csproj", "{72F50A98-B1B3-4D92-85D9-953798034B16}"
EndProject
Project("{9A19103F-16F7-4668-BE54-9A1E7A4F7556}") = "DB.Service", "DB.Service\DB.Service.csproj", "{575B3236-F169-44F9-81DA-936A2A3A47A1}"
EndProject
Project("{9A19103F-16F7-4668-BE54-9A1E7A4F7556}") = "DB.Entity", "DB.Entity\DB.Entity.csproj", "{AEDD8191-E28B-4769-BBED-7BE00749F3D2}"
EndProject
Project("{9A19103F-16F7-4668-BE54-9A1E7A4F7556}") = "DB.Redis", "DB.Redis\DB.Redis.csproj", "{D1D03165-91EB-42E7-B0FB-D0392DD7718A}"
EndProject
Project("{9A19103F-16F7-4668-BE54-9A1E7A4F7556}") = "DB.UnitOfWork", "DB.UnitOfWork\DB.UnitOfWork.csproj", "{005BC4BC-DA1D-4E38-A10D-5A2A54BE5A27}"
EndProject
Project("{9A19103F-16F7-4668-BE54-9A1E7A4F7556}") = "DB.Utils", "DB.Utils\DB.Utils.csproj", "{75E13D28-C145-415A-84CB-CF4084ADB3F2}"
EndProject
Project("{9A19103F-16F7-4668-BE54-9A1E7A4F7556}") = "DB.WebApi", "DB.WebApi\DB.WebApi.csproj", "{F2078983-9AFC-46C3-9B1A-34B8A7456C5A}"
EndProject
Project("{9A19103F-16F7-4668-BE54-9A1E7A4F7556}") = "DB.Web", "DB.Web\DB.Web.csproj", "{CEB3166F-F5E5-4F4C-AFC4-F5F8D7BF11B2}"
EndProject
Project("{9092AA53-FB77-4645-B42D-1CCCA6BD08BD}") = "VueWeb", "VueWeb\VueWeb.njsproj", "{01DCEAF5-5A98-4D50-9068-9422957AAF4F}"
EndProject
Global
	GlobalSection(SolutionConfigurationPlatforms) = preSolution
		Debug|Any CPU = Debug|Any CPU
		Release|Any CPU = Release|Any CPU
	EndGlobalSection
	GlobalSection(ProjectConfigurationPlatforms) = postSolution
		{34BA328E-02AD-4F7C-BBC8-B7C88F53B07C}.Debug|Any CPU.ActiveCfg = Debug|Any CPU
		{34BA328E-02AD-4F7C-BBC8-B7C88F53B07C}.Debug|Any CPU.Build.0 = Debug|Any CPU
		{34BA328E-02AD-4F7C-BBC8-B7C88F53B07C}.Release|Any CPU.ActiveCfg = Release|Any CPU
		{34BA328E-02AD-4F7C-BBC8-B7C88F53B07C}.Release|Any CPU.Build.0 = Release|Any CPU
		{CE2E9689-10BE-4AAD-A169-E70B72270110}.Debug|Any CPU.ActiveCfg = Debug|Any CPU
		{CE2E9689-10BE-4AAD-A169-E70B72270110}.Debug|Any CPU.Build.0 = Debug|Any CPU
		{CE2E9689-10BE-4AAD-A169-E70B72270110}.Release|Any CPU.ActiveCfg = Release|Any CPU
		{CE2E9689-10BE-4AAD-A169-E70B72270110}.Release|Any CPU.Build.0 = Release|Any CPU
		{72F50A98-B1B3-4D92-85D9-953798034B16}.Debug|Any CPU.ActiveCfg = Debug|Any CPU
		{72F50A98-B1B3-4D92-85D9-953798034B16}.Debug|Any CPU.Build.0 = Debug|Any CPU
		{72F50A98-B1B3-4D92-85D9-953798034B16}.Release|Any CPU.ActiveCfg = Release|Any CPU
		{72F50A98-B1B3-4D92-85D9-953798034B16}.Release|Any CPU.Build.0 = Release|Any CPU
		{575B3236-F169-44F9-81DA-936A2A3A47A1}.Debug|Any CPU.ActiveCfg = Debug|Any CPU
		{575B3236-F169-44F9-81DA-936A2A3A47A1}.Debug|Any CPU.Build.0 = Debug|Any CPU
		{575B3236-F169-44F9-81DA-936A2A3A47A1}.Release|Any CPU.ActiveCfg = Release|Any CPU
		{575B3236-F169-44F9-81DA-936A2A3A47A1}.Release|Any CPU.Build.0 = Release|Any CPU
		{AEDD8191-E28B-4769-BBED-7BE00749F3D2}.Debug|Any CPU.ActiveCfg = Debug|Any CPU
		{AEDD8191-E28B-4769-BBED-7BE00749F3D2}.Debug|Any CPU.Build.0 = Debug|Any CPU
		{AEDD8191-E28B-4769-BBED-7BE00749F3D2}.Release|Any CPU.ActiveCfg = Release|Any CPU
		{AEDD8191-E28B-4769-BBED-7BE00749F3D2}.Release|Any CPU.Build.0 = Release|Any CPU
		{D1D03165-91EB-42E7-B0FB-D0392DD7718A}.Debug|Any CPU.ActiveCfg = Debug|Any CPU
		{D1D03165-91EB-42E7-B0FB-D0392DD7718A}.Debug|Any CPU.Build.0 = Debug|Any CPU
		{D1D03165-91EB-42E7-B0FB-D0392DD7718A}.Release|Any CPU.ActiveCfg = Release|Any CPU
		{D1D03165-91EB-42E7-B0FB-D0392DD7718A}.Release|Any CPU.Build.0 = Release|Any CPU
		{005BC4BC-DA1D-4E38-A10D-5A2A54BE5A27}.Debug|Any CPU.ActiveCfg = Debug|Any CPU
		{005BC4BC-DA1D-4E38-A10D-5A2A54BE5A27}.Debug|Any CPU.Build.0 = Debug|Any CPU
		{005BC4BC-DA1D-4E38-A10D-5A2A54BE5A27}.Release|Any CPU.ActiveCfg = Release|Any CPU
		{005BC4BC-DA1D-4E38-A10D-5A2A54BE5A27}.Release|Any CPU.Build.0 = Release|Any CPU
		{75E13D28-C145-415A-84CB-CF4084ADB3F2}.Debug|Any CPU.ActiveCfg = Debug|Any CPU
		{75E13D28-C145-415A-84CB-CF4084ADB3F2}.Debug|Any CPU.Build.0 = Debug|Any CPU
		{75E13D28-C145-415A-84CB-CF4084ADB3F2}.Release|Any CPU.ActiveCfg = Release|Any CPU
		{75E13D28-C145-415A-84CB-CF4084ADB3F2}.Release|Any CPU.Build.0 = Release|Any CPU
		{F2078983-9AFC-46C3-9B1A-34B8A7456C5A}.Debug|Any CPU.ActiveCfg = Debug|Any CPU
		{F2078983-9AFC-46C3-9B1A-34B8A7456C5A}.Debug|Any CPU.Build.0 = Debug|Any CPU
		{F2078983-9AFC-46C3-9B1A-34B8A7456C5A}.Release|Any CPU.ActiveCfg = Release|Any CPU
		{F2078983-9AFC-46C3-9B1A-34B8A7456C5A}.Release|Any CPU.Build.0 = Release|Any CPU
		{CEB3166F-F5E5-4F4C-AFC4-F5F8D7BF11B2}.Debug|Any CPU.ActiveCfg = Debug|Any CPU
		{CEB3166F-F5E5-4F4C-AFC4-F5F8D7BF11B2}.Debug|Any CPU.Build.0 = Debug|Any CPU
		{CEB3166F-F5E5-4F4C-AFC4-F5F8D7BF11B2}.Release|Any CPU.ActiveCfg = Release|Any CPU
		{CEB3166F-F5E5-4F4C-AFC4-F5F8D7BF11B2}.Release|Any CPU.Build.0 = Release|Any CPU
		{01DCEAF5-5A98-4D50-9068-9422957AAF4F}.Debug|Any CPU.ActiveCfg = Debug|Any CPU
		{01DCEAF5-5A98-4D50-9068-9422957AAF4F}.Debug|Any CPU.Build.0 = Debug|Any CPU
		{01DCEAF5-5A98-4D50-9068-9422957AAF4F}.Release|Any CPU.ActiveCfg = Release|Any CPU
		{01DCEAF5-5A98-4D50-9068-9422957AAF4F}.Release|Any CPU.Build.0 = Release|Any CPU
	EndGlobalSection
	GlobalSection(SolutionProperties) = preSolution
		HideSolutionNode = FALSE
	EndGlobalSection
	GlobalSection(NestedProjects) = preSolution
		{34BA328E-02AD-4F7C-BBC8-B7C88F53B07C} = {6B7C79CA-BD7A-4E1E-8A34-9BF6E01B5ACE}
		{CE2E9689-10BE-4AAD-A169-E70B72270110} = {6B7C79CA-BD7A-4E1E-8A34-9BF6E01B5ACE}
		{72F50A98-B1B3-4D92-85D9-953798034B16} = {24CA17F4-7345-4707-82F8-9F6EFA031983}
		{575B3236-F169-44F9-81DA-936A2A3A47A1} = {24CA17F4-7345-4707-82F8-9F6EFA031983}
	EndGlobalSection
	GlobalSection(ExtensibilityGlobals) = postSolution
		SolutionGuid = {8B7E2064-5B93-4770-8D2F-18B1C95A6397}
	EndGlobalSection
EndGlobal
